
Microsoft Visual Studio Solution File, Format Version 12.00
# Visual Studio Version 17
VisualStudioVersion = 17.2.32630.192
MinimumVisualStudioVersion = 10.0.40219.1
Project("{9A19103F-16F7-4668-BE54-9A1E7A4F7556}") = "FinalProjectDatabase", "FinalProjectDatabase\FinalProjectDatabase.csproj", "{630AEE97-D403-41E5-88DC-1DC4DC73A33F}"
EndProject
Global
	GlobalSection(SolutionConfigurationPlatforms) = preSolution
		Debug|Any CPU = Debug|Any CPU
		Debug|x64 = Debug|x64
		Release|Any CPU = Release|Any CPU
		Release|x64 = Release|x64
	EndGlobalSection
	GlobalSection(ProjectConfigurationPlatforms) = postSolution
		{630AEE97-D403-41E5-88DC-1DC4DC73A33F}.Debug|Any CPU.ActiveCfg = Debug|Any CPU
		{630AEE97-D403-41E5-88DC-1DC4DC73A33F}.Debug|Any CPU.Build.0 = Debug|Any CPU
		{630AEE97-D403-41E5-88DC-1DC4DC73A33F}.Debug|x64.ActiveCfg = Debug|x64
		{630AEE97-D403-41E5-88DC-1DC4DC73A33F}.Debug|x64.Build.0 = Debug|x64
		{630AEE97-D403-41E5-88DC-1DC4DC73A33F}.Release|Any CPU.ActiveCfg = Release|Any CPU
		{630AEE97-D403-41E5-88DC-1DC4DC73A33F}.Release|Any CPU.Build.0 = Release|Any CPU
		{630AEE97-D403-41E5-88DC-1DC4DC73A33F}.Release|x64.ActiveCfg = Release|x64
		{630AEE97-D403-41E5-88DC-1DC4DC73A33F}.Release|x64.Build.0 = Release|x64
	EndGlobalSection
	GlobalSection(SolutionProperties) = preSolution
		HideSolutionNode = FALSE
	EndGlobalSection
	GlobalSection(ExtensibilityGlobals) = postSolution
		SolutionGuid = {674A1543-7245-49D8-BA8C-2F881A140ADC}
	EndGlobalSection
EndGlobal
